
Microsoft Visual Studio Solution File, Format Version 12.00
# Visual Studio 15
VisualStudioVersion = 15.0.28307.438
MinimumVisualStudioVersion = 10.0.40219.1
Project("{FAE04EC0-301F-11D3-BF4B-00C04F79EFBC}") = "WpfTest", "WpfTest\WpfTest.csproj", "{056628C7-17A8-413B-8187-7F9194E1B721}"
EndProject
Global
	GlobalSection(SolutionConfigurationPlatforms) = preSolution
		Debug|Any CPU = Debug|Any CPU
		Release|Any CPU = Release|Any CPU
	EndGlobalSection
	GlobalSection(ProjectConfigurationPlatforms) = postSolution
		{056628C7-17A8-413B-8187-7F9194E1B721}.Debug|Any CPU.ActiveCfg = Debug|Any CPU
		{056628C7-17A8-413B-8187-7F9194E1B721}.Debug|Any CPU.Build.0 = Debug|Any CPU
		{056628C7-17A8-413B-8187-7F9194E1B721}.Release|Any CPU.ActiveCfg = Release|Any CPU
		{056628C7-17A8-413B-8187-7F9194E1B721}.Release|Any CPU.Build.0 = Release|Any CPU
	EndGlobalSection
	GlobalSection(SolutionProperties) = preSolution
		HideSolutionNode = FALSE
	EndGlobalSection
	GlobalSection(ExtensibilityGlobals) = postSolution
		SolutionGuid = {1F9504DF-3558-44F7-A8D8-40CDA05E1BAF}
	EndGlobalSection
EndGlobal
